{
  "name": "js_tutorial",
  "lockfileVersion": 2,
  "requires": true,
  "packages": {
    "": {
      "dependencies": {
        "scheong-palindrome": "^0.1.0"
      }
    },
    "node_modules/scheong-palindrome": {
      "version": "0.1.0",
      "resolved": "https://registry.npmjs.org/scheong-palindrome/-/scheong-palindrome-0.1.0.tgz",
      "integrity": "sha512-VqyMyKlEY4y1MTK+dKgzSFg2/N0DN5cYhfh+UAldgjaXoG8zq/qW+QUoV7jltIBmovefSiTLZ0OPyeYVYPLkzg=="
    }
  },
  "dependencies": {
    "scheong-palindrome": {
      "version": "0.1.0",
      "resolved": "https://registry.npmjs.org/scheong-palindrome/-/scheong-palindrome-0.1.0.tgz",
      "integrity": "sha512-VqyMyKlEY4y1MTK+dKgzSFg2/N0DN5cYhfh+UAldgjaXoG8zq/qW+QUoV7jltIBmovefSiTLZ0OPyeYVYPLkzg=="
    }
  }
}
